<?xml version="1.0" encoding="utf-8"?>
<Project ToolsVersion="4.0" xmlns="http://schemas.microsoft.com/developer/msbuild/2003">
  <ItemGroup>
    <Filter Include="Umbra">
      <UniqueIdentifier>{259b6c97-c704-4d1a-9786-a7a49142e9a2}</UniqueIdentifier>
    </Filter>
    <Filter Include="Umbra\Source Files">
      <UniqueIdentifier>{4FC737F1-C7A5-4376-A066-2A32D752A2FF}</UniqueIdentifier>
      <Extensions>cpp;c;cc;cxx;c++;cppm;ixx;def;odl;idl;hpj;bat;asm;asmx</Extensions>
    </Filter>
    <Filter Include="Umbra\Resource Files">
      <UniqueIdentifier>{67DA6AB6-F800-4c08-8B7A-83BB121AAD01}</UniqueIdentifier>
      <Extensions>rc;ico;cur;bmp;dlg;rc2;rct;bin;rgs;gif;jpg;jpeg;jpe;resx;tiff;tif;png;wav;mfcribbon-ms</Extensions>
    </Filter>
    <Filter Include="Umbra\Header Files">
      <UniqueIdentifier>{93995380-89BD-4b04-88EB-625FBE52EBFB}</UniqueIdentifier>
      <Extensions>h;hh;hpp;hxx;h++;hm;inl;inc;ipp;xsd</Extensions>
    </Filter>
    <Filter Include="Umbra\Header Files\Levels">
      <UniqueIdentifier>{f8a34c3e-7136-4445-bca7-cd5afe743d9b}</UniqueIdentifier>
    </Filter>
    <Filter Include="Umbra\Source Files\Levels">
      <UniqueIdentifier>{627fe69a-f11b-4c61-803e-b0e23689101f}</UniqueIdentifier>
    </Filter>
    <Filter Include="Umbra\Source Files\Actors">
      <UniqueIdentifier>{8eaece46-03ea-42e5-8fc0-360f25734033}</UniqueIdentifier>
    </Filter>
    <Filter Include="Umbra\Header Files\Actors">
      <UniqueIdentifier>{3b7eab1a-253f-4482-8afa-d829d09ef156}</UniqueIdentifier>
    </Filter>
    <Filter Include="Game">
      <UniqueIdentifier>{4b61462c-9901-4b2c-af7c-7ed235444b91}</UniqueIdentifier>
    </Filter>
    <Filter Include="Game\Header Files">
      <UniqueIdentifier>{f813ba38-0c89-47ca-946a-03d37b1eff80}</UniqueIdentifier>
    </Filter>
    <Filter Include="Game\Source Files">
      <UniqueIdentifier>{9a1eabdd-a6b7-48fd-9eae-622a2c0dcd3c}</UniqueIdentifier>
    </Filter>
    <Filter Include="Umbra\Header Files\Events">
      <UniqueIdentifier>{9aa474eb-6cc2-42d3-bfb9-c08d3a1e8793}</UniqueIdentifier>
    </Filter>
    <Filter Include="Umbra\Header Files\Events\Inputs">
      <UniqueIdentifier>{2700f335-80ff-47db-bc7b-74dd99802c04}</UniqueIdentifier>
    </Filter>
    <Filter Include="Umbra\Source Files\Events">
      <UniqueIdentifier>{df49e9c5-64c6-4c89-ab3d-fd91bdd607e1}</UniqueIdentifier>
    </Filter>
    <Filter Include="Umbra\Source Files\Events\Inputs">
      <UniqueIdentifier>{0e63c4b0-cc85-4e5a-8ae0-65e44de2e595}</UniqueIdentifier>
    </Filter>
    <Filter Include="Umbra\Header Files\Events\Inputs\InputModifiers">
      <UniqueIdentifier>{0c51f3ca-3ee3-4742-afe8-092de85a68b6}</UniqueIdentifier>
    </Filter>
  </ItemGroup>
  <ItemGroup>
    <ClCompile Include="Umbra\Application.cpp">
      <Filter>Umbra\Source Files</Filter>
    </ClCompile>
    <ClCompile Include="Umbra\GameInstance.cpp">
      <Filter>Umbra\Source Files</Filter>
    </ClCompile>
    <ClCompile Include="Umbra\Levels\LevelManager.cpp">
      <Filter>Umbra\Source Files\Levels</Filter>
    </ClCompile>
    <ClCompile Include="Umbra\Levels\Level.cpp">
      <Filter>Umbra\Source Files\Levels</Filter>
    </ClCompile>
    <ClCompile Include="Umbra\Actors\ActorWorld.cpp">
      <Filter>Umbra\Source Files\Actors</Filter>
    </ClCompile>
    <ClCompile Include="Umbra\Actors\ActorTransform.cpp">
      <Filter>Umbra\Source Files\Actors</Filter>
    </ClCompile>
    <ClCompile Include="Umbra\Actors\Actor.cpp">
      <Filter>Umbra\Source Files\Actors</Filter>
    </ClCompile>
    <ClCompile Include="main.cpp">
      <Filter>Game\Source Files</Filter>
    </ClCompile>
    <ClCompile Include="Umbra\Screen.cpp">
      <Filter>Umbra\Source Files</Filter>
    </ClCompile>
    <ClCompile Include="Umbra\Events\Input\InputManager.cpp">
      <Filter>Umbra\Source Files\Events\Inputs</Filter>
    </ClCompile>
    <ClCompile Include="Umbra\Events\Input\InputAction.cpp">
      <Filter>Umbra\Source Files\Events\Inputs</Filter>
    </ClCompile>
    <ClCompile Include="Umbra\Events\Input\InputModifier.cpp">
      <Filter>Umbra\Source Files\Events\Inputs</Filter>
    </ClCompile>
    <ClCompile Include="Umbra\Events\Input\InputMappingContext.cpp">
      <Filter>Umbra\Source Files\Events\Inputs</Filter>
    </ClCompile>
    <ClCompile Include="Umbra\Events\Input\Input.cpp">
      <Filter>Umbra\Source Files\Events\Inputs</Filter>
    </ClCompile>
  </ItemGroup>
  <ItemGroup>
    <ClInclude Include="Umbra\Application.h">
      <Filter>Umbra\Header Files</Filter>
    </ClInclude>
    <ClInclude Include="Umbra\GameInstance.h">
      <Filter>Umbra\Header Files</Filter>
    </ClInclude>
    <ClInclude Include="Umbra\Screen.h">
      <Filter>Umbra\Header Files</Filter>
    </ClInclude>
    <ClInclude Include="Umbra\Levels\Level.h">
      <Filter>Umbra\Header Files\Levels</Filter>
    </ClInclude>
    <ClInclude Include="Umbra\Levels\LevelManager.h">
      <Filter>Umbra\Header Files\Levels</Filter>
    </ClInclude>
    <ClInclude Include="Umbra\Actors\Actor.h">
      <Filter>Umbra\Header Files\Actors</Filter>
    </ClInclude>
    <ClInclude Include="Umbra\Actors\ActorTransform.h">
      <Filter>Umbra\Header Files\Actors</Filter>
    </ClInclude>
    <ClInclude Include="Umbra\Actors\ActorWorld.h">
      <Filter>Umbra\Header Files\Actors</Filter>
    </ClInclude>
    <ClInclude Include="Umbra\Events\Input\InputManager.h">
      <Filter>Umbra\Header Files\Events\Inputs</Filter>
    </ClInclude>
    <ClInclude Include="Umbra\Events\Input\InputAction.h">
      <Filter>Umbra\Header Files\Events\Inputs</Filter>
    </ClInclude>
    <ClInclude Include="Umbra\Events\Input\InputModifier.h">
      <Filter>Umbra\Header Files\Events\Inputs</Filter>
    </ClInclude>
    <ClInclude Include="Umbra\Events\Input\InputMappingContext.h">
      <Filter>Umbra\Header Files\Events\Inputs</Filter>
    </ClInclude>
    <ClInclude Include="Umbra\Events\Input\Input.h">
      <Filter>Umbra\Header Files\Events\Inputs</Filter>
    </ClInclude>
  </ItemGroup>
</Project>